// !$*UTF8*$!
{
	archiveVersion = 1;
	classes = {
	};
	objectVersion = 50;
	objects = {

/* Begin PBXBuildFile section */
		C903582022242CDD004C901A /* AppDelegate.swift in Sources */ = {isa = PBXBuildFile; fileRef = C903581F22242CDD004C901A /* AppDelegate.swift */; };
		C903582222242CDD004C901A /* ViewController.swift in Sources */ = {isa = PBXBuildFile; fileRef = C903582122242CDD004C901A /* ViewController.swift */; };
		C903582522242CDD004C901A /* Main.storyboard in Resources */ = {isa = PBXBuildFile; fileRef = C903582322242CDD004C901A /* Main.storyboard */; };
		C903582722242CDE004C901A /* Assets.xcassets in Resources */ = {isa = PBXBuildFile; fileRef = C903582622242CDE004C901A /* Assets.xcassets */; };
		C903582A22242CDE004C901A /* LaunchScreen.storyboard in Resources */ = {isa = PBXBuildFile; fileRef = C903582822242CDE004C901A /* LaunchScreen.storyboard */; };
		C903588322242E4B004C901A /* Alamofire.framework in Frameworks */ = {isa = PBXBuildFile; fileRef = C903585E22242E32004C901A /* Alamofire.framework */; };
		C903588422242E4B004C901A /* Alamofire.framework in Embed Frameworks */ = {isa = PBXBuildFile; fileRef = C903585E22242E32004C901A /* Alamofire.framework */; settings = {ATTRIBUTES = (CodeSignOnCopy, RemoveHeadersOnCopy, ); }; };
		C903588822242E50004C901A /* SWXMLHash.framework in Frameworks */ = {isa = PBXBuildFile; fileRef = C903587622242E40004C901A /* SWXMLHash.framework */; };
		C903588922242E50004C901A /* SWXMLHash.framework in Embed Frameworks */ = {isa = PBXBuildFile; fileRef = C903587622242E40004C901A /* SWXMLHash.framework */; settings = {ATTRIBUTES = (CodeSignOnCopy, RemoveHeadersOnCopy, ); }; };
		C903588D22242E84004C901A /* SecondViewController.swift in Sources */ = {isa = PBXBuildFile; fileRef = C903588C22242E84004C901A /* SecondViewController.swift */; };
		C90358952224312C004C901A /* off.png in Resources */ = {isa = PBXBuildFile; fileRef = C90358902224312B004C901A /* off.png */; };
		C90358962224312C004C901A /* nan.png in Resources */ = {isa = PBXBuildFile; fileRef = C90358912224312B004C901A /* nan.png */; };
		C90358972224312C004C901A /* MTConnect.png in Resources */ = {isa = PBXBuildFile; fileRef = C90358922224312B004C901A /* MTConnect.png */; };
		C90358982224312C004C901A /* on.png in Resources */ = {isa = PBXBuildFile; fileRef = C90358932224312C004C901A /* on.png */; };
		C90358992224312C004C901A /* ITAMCO Logo.png in Resources */ = {isa = PBXBuildFile; fileRef = C90358942224312C004C901A /* ITAMCO Logo.png */; };
/* End PBXBuildFile section */

/* Begin PBXContainerItemProxy section */
		C903585D22242E32004C901A /* PBXContainerItemProxy */ = {
			isa = PBXContainerItemProxy;
			containerPortal = C903585222242E32004C901A /* Alamofire.xcodeproj */;
			proxyType = 2;
			remoteGlobalIDString = F8111E3319A95C8B0040E7D1;
			remoteInfo = "Alamofire iOS";
		};
		C903585F22242E32004C901A /* PBXContainerItemProxy */ = {
			isa = PBXContainerItemProxy;
			containerPortal = C903585222242E32004C901A /* Alamofire.xcodeproj */;
			proxyType = 2;
			remoteGlobalIDString = F8111E3E19A95C8B0040E7D1;
			remoteInfo = "Alamofire iOS Tests";
		};
		C903586122242E32004C901A /* PBXContainerItemProxy */ = {
			isa = PBXContainerItemProxy;
			containerPortal = C903585222242E32004C901A /* Alamofire.xcodeproj */;
			proxyType = 2;
			remoteGlobalIDString = 4DD67C0B1A5C55C900ED2280;
			remoteInfo = "Alamofire macOS";
		};
		C903586322242E32004C901A /* PBXContainerItemProxy */ = {
			isa = PBXContainerItemProxy;
			containerPortal = C903585222242E32004C901A /* Alamofire.xcodeproj */;
			proxyType = 2;
			remoteGlobalIDString = F829C6B21A7A94F100A2CD59;
			remoteInfo = "Alamofire macOS Tests";
		};
		C903586522242E32004C901A /* PBXContainerItemProxy */ = {
			isa = PBXContainerItemProxy;
			containerPortal = C903585222242E32004C901A /* Alamofire.xcodeproj */;
			proxyType = 2;
			remoteGlobalIDString = 4CF626EF1BA7CB3E0011A099;
			remoteInfo = "Alamofire tvOS";
		};
		C903586722242E32004C901A /* PBXContainerItemProxy */ = {
			isa = PBXContainerItemProxy;
			containerPortal = C903585222242E32004C901A /* Alamofire.xcodeproj */;
			proxyType = 2;
			remoteGlobalIDString = 4CF626F81BA7CB3E0011A099;
			remoteInfo = "Alamofire tvOS Tests";
		};
		C903586922242E32004C901A /* PBXContainerItemProxy */ = {
			isa = PBXContainerItemProxy;
			containerPortal = C903585222242E32004C901A /* Alamofire.xcodeproj */;
			proxyType = 2;
			remoteGlobalIDString = E4202FE01B667AA100C997FB;
			remoteInfo = "Alamofire watchOS";
		};
		C903587522242E40004C901A /* PBXContainerItemProxy */ = {
			isa = PBXContainerItemProxy;
			containerPortal = C903586B22242E40004C901A /* SWXMLHash.xcodeproj */;
			proxyType = 2;
			remoteGlobalIDString = CD6083EF196CA106000B4F8D;
			remoteInfo = "SWXMLHash iOS";
		};
		C903587722242E40004C901A /* PBXContainerItemProxy */ = {
			isa = PBXContainerItemProxy;
			containerPortal = C903586B22242E40004C901A /* SWXMLHash.xcodeproj */;
			proxyType = 2;
			remoteGlobalIDString = CD6083FA196CA106000B4F8D;
			remoteInfo = "SWXMLHash iOS Tests";
		};
		C903587922242E40004C901A /* PBXContainerItemProxy */ = {
			isa = PBXContainerItemProxy;
			containerPortal = C903586B22242E40004C901A /* SWXMLHash.xcodeproj */;
			proxyType = 2;
			remoteGlobalIDString = CD9D052C1A757D8B003CCB21;
			remoteInfo = "SWXMLHash OSX";
		};
		C903587B22242E40004C901A /* PBXContainerItemProxy */ = {
			isa = PBXContainerItemProxy;
			containerPortal = C903586B22242E40004C901A /* SWXMLHash.xcodeproj */;
			proxyType = 2;
			remoteGlobalIDString = CD9D05361A757D8B003CCB21;
			remoteInfo = "SWXMLHash OSX Tests";
		};
		C903587D22242E40004C901A /* PBXContainerItemProxy */ = {
			isa = PBXContainerItemProxy;
			containerPortal = C903586B22242E40004C901A /* SWXMLHash.xcodeproj */;
			proxyType = 2;
			remoteGlobalIDString = CDDEC74C1BF6311A00AB138B;
			remoteInfo = "SWXMLHash tvOS";
		};
		C903587F22242E40004C901A /* PBXContainerItemProxy */ = {
			isa = PBXContainerItemProxy;
			containerPortal = C903586B22242E40004C901A /* SWXMLHash.xcodeproj */;
			proxyType = 2;
			remoteGlobalIDString = CDDEC7551BF6311B00AB138B;
			remoteInfo = "SWXMLHash tvOS Tests";
		};
		C903588122242E40004C901A /* PBXContainerItemProxy */ = {
			isa = PBXContainerItemProxy;
			containerPortal = C903586B22242E40004C901A /* SWXMLHash.xcodeproj */;
			proxyType = 2;
			remoteGlobalIDString = CDDEC7681BF6316C00AB138B;
			remoteInfo = "SWXMLHash watchOS";
		};
		C903588522242E4B004C901A /* PBXContainerItemProxy */ = {
			isa = PBXContainerItemProxy;
			containerPortal = C903585222242E32004C901A /* Alamofire.xcodeproj */;
			proxyType = 1;
			remoteGlobalIDString = F8111E3219A95C8B0040E7D1;
			remoteInfo = "Alamofire iOS";
		};
		C903588A22242E51004C901A /* PBXContainerItemProxy */ = {
			isa = PBXContainerItemProxy;
			containerPortal = C903586B22242E40004C901A /* SWXMLHash.xcodeproj */;
			proxyType = 1;
			remoteGlobalIDString = CD6083EE196CA106000B4F8D;
			remoteInfo = "SWXMLHash iOS";
		};
/* End PBXContainerItemProxy section */

/* Begin PBXCopyFilesBuildPhase section */
		C903588722242E4B004C901A /* Embed Frameworks */ = {
			isa = PBXCopyFilesBuildPhase;
			buildActionMask = 2147483647;
			dstPath = "";
			dstSubfolderSpec = 10;
			files = (
				C903588922242E50004C901A /* SWXMLHash.framework in Embed Frameworks */,
				C903588422242E4B004C901A /* Alamofire.framework in Embed Frameworks */,
			);
			name = "Embed Frameworks";
			runOnlyForDeploymentPostprocessing = 0;
		};
/* End PBXCopyFilesBuildPhase section */

/* Begin PBXFileReference section */
		C903581C22242CDD004C901A /* MTConnect.app */ = {isa = PBXFileReference; explicitFileType = wrapper.application; includeInIndex = 0; path = MTConnect.app; sourceTree = BUILT_PRODUCTS_DIR; };
		C903581F22242CDD004C901A /* AppDelegate.swift */ = {isa = PBXFileReference; lastKnownFileType = sourcecode.swift; path = AppDelegate.swift; sourceTree = "<group>"; };
		C903582122242CDD004C901A /* ViewController.swift */ = {isa = PBXFileReference; lastKnownFileType = sourcecode.swift; path = ViewController.swift; sourceTree = "<group>"; };
		C903582422242CDD004C901A /* Base */ = {isa = PBXFileReference; lastKnownFileType = file.storyboard; name = Base; path = Base.lproj/Main.storyboard; sourceTree = "<group>"; };
		C903582622242CDE004C901A /* Assets.xcassets */ = {isa = PBXFileReference; lastKnownFileType = folder.assetcatalog; path = Assets.xcassets; sourceTree = "<group>"; };
		C903582922242CDE004C901A /* Base */ = {isa = PBXFileReference; lastKnownFileType = file.storyboard; name = Base; path = Base.lproj/LaunchScreen.storyboard; sourceTree = "<group>"; };
		C903582B22242CDE004C901A /* Info.plist */ = {isa = PBXFileReference; lastKnownFileType = text.plist.xml; path = Info.plist; sourceTree = "<group>"; };
		C903585222242E32004C901A /* Alamofire.xcodeproj */ = {isa = PBXFileReference; lastKnownFileType = "wrapper.pb-project"; name = Alamofire.xcodeproj; path = "Alamofire-4.8.1/Alamofire.xcodeproj"; sourceTree = "<group>"; };
		C903586B22242E40004C901A /* SWXMLHash.xcodeproj */ = {isa = PBXFileReference; lastKnownFileType = "wrapper.pb-project"; name = SWXMLHash.xcodeproj; path = "SWXMLHash-master/SWXMLHash.xcodeproj"; sourceTree = "<group>"; };
		C903588C22242E84004C901A /* SecondViewController.swift */ = {isa = PBXFileReference; fileEncoding = 4; lastKnownFileType = sourcecode.swift; path = SecondViewController.swift; sourceTree = "<group>"; };
		C90358902224312B004C901A /* off.png */ = {isa = PBXFileReference; lastKnownFileType = image.png; name = off.png; path = images/off.png; sourceTree = "<group>"; };
		C90358912224312B004C901A /* nan.png */ = {isa = PBXFileReference; lastKnownFileType = image.png; name = nan.png; path = images/nan.png; sourceTree = "<group>"; };
		C90358922224312B004C901A /* MTConnect.png */ = {isa = PBXFileReference; lastKnownFileType = image.png; name = MTConnect.png; path = images/MTConnect.png; sourceTree = "<group>"; };
		C90358932224312C004C901A /* on.png */ = {isa = PBXFileReference; lastKnownFileType = image.png; name = on.png; path = images/on.png; sourceTree = "<group>"; };
		C90358942224312C004C901A /* ITAMCO Logo.png */ = {isa = PBXFileReference; lastKnownFileType = image.png; name = "ITAMCO Logo.png"; path = "images/ITAMCO Logo.png"; sourceTree = "<group>"; };
/* End PBXFileReference section */

/* Begin PBXFrameworksBuildPhase section */
		C903581922242CDD004C901A /* Frameworks */ = {
			isa = PBXFrameworksBuildPhase;
			buildActionMask = 2147483647;
			files = (
				C903588822242E50004C901A /* SWXMLHash.framework in Frameworks */,
				C903588322242E4B004C901A /* Alamofire.framework in Frameworks */,
			);
			runOnlyForDeploymentPostprocessing = 0;
		};
/* End PBXFrameworksBuildPhase section */

/* Begin PBXGroup section */
		C903581322242CDD004C901A = {
			isa = PBXGroup;
			children = (
				C903585222242E32004C901A /* Alamofire.xcodeproj */,
				C903586B22242E40004C901A /* SWXMLHash.xcodeproj */,
				C903581E22242CDD004C901A /* MTConnect_iOS */,
				C903581D22242CDD004C901A /* Products */,
			);
			sourceTree = "<group>";
		};
		C903581D22242CDD004C901A /* Products */ = {
			isa = PBXGroup;
			children = (
				C903581C22242CDD004C901A /* MTConnect.app */,
			);
			name = Products;
			sourceTree = "<group>";
		};
		C903581E22242CDD004C901A /* MTConnect_iOS */ = {
			isa = PBXGroup;
			children = (
				C90358942224312C004C901A /* ITAMCO Logo.png */,
				C90358922224312B004C901A /* MTConnect.png */,
				C90358912224312B004C901A /* nan.png */,
				C90358902224312B004C901A /* off.png */,
				C90358932224312C004C901A /* on.png */,
				C903581F22242CDD004C901A /* AppDelegate.swift */,
				C903582122242CDD004C901A /* ViewController.swift */,
				C903588C22242E84004C901A /* SecondViewController.swift */,
				C903582322242CDD004C901A /* Main.storyboard */,
				C903582622242CDE004C901A /* Assets.xcassets */,
				C903582822242CDE004C901A /* LaunchScreen.storyboard */,
				C903582B22242CDE004C901A /* Info.plist */,
			);
			path = MTConnect_iOS;
			sourceTree = "<group>";
		};
		C903585322242E32004C901A /* Products */ = {
			isa = PBXGroup;
			children = (
				C903585E22242E32004C901A /* Alamofire.framework */,
				C903586022242E32004C901A /* Alamofire iOS Tests.xctest */,
				C903586222242E32004C901A /* Alamofire.framework */,
				C903586422242E32004C901A /* Alamofire macOS Tests.xctest */,
				C903586622242E32004C901A /* Alamofire.framework */,
				C903586822242E32004C901A /* Alamofire tvOS Tests.xctest */,
				C903586A22242E32004C901A /* Alamofire.framework */,
			);
			name = Products;
			sourceTree = "<group>";
		};
		C903586C22242E40004C901A /* Products */ = {
			isa = PBXGroup;
			children = (
				C903587622242E40004C901A /* SWXMLHash.framework */,
				C903587822242E40004C901A /* SWXMLHash iOS Tests.xctest */,
				C903587A22242E40004C901A /* SWXMLHash.framework */,
				C903587C22242E40004C901A /* SWXMLHash OSX Tests.xctest */,
				C903587E22242E40004C901A /* SWXMLHash.framework */,
				C903588022242E40004C901A /* SWXMLHash tvOS Tests.xctest */,
				C903588222242E40004C901A /* SWXMLHash.framework */,
			);
			name = Products;
			sourceTree = "<group>";
		};
/* End PBXGroup section */

/* Begin PBXNativeTarget section */
		C903581B22242CDD004C901A /* MTConnect */ = {
			isa = PBXNativeTarget;
			buildConfigurationList = C903584422242CDE004C901A /* Build configuration list for PBXNativeTarget "MTConnect" */;
			buildPhases = (
				C903581822242CDD004C901A /* Sources */,
				C903581922242CDD004C901A /* Frameworks */,
				C903581A22242CDD004C901A /* Resources */,
				C903588722242E4B004C901A /* Embed Frameworks */,
			);
			buildRules = (
			);
			dependencies = (
				C903588622242E4B004C901A /* PBXTargetDependency */,
				C903588B22242E51004C901A /* PBXTargetDependency */,
			);
			name = MTConnect;
			productName = MTConnect_iOS;
			productReference = C903581C22242CDD004C901A /* MTConnect.app */;
			productType = "com.apple.product-type.application";
		};
/* End PBXNativeTarget section */

/* Begin PBXProject section */
		C903581422242CDD004C901A /* Project object */ = {
			isa = PBXProject;
			attributes = {
				LastSwiftUpdateCheck = 1010;
				LastUpgradeCheck = 1010;
				ORGANIZATIONNAME = ITAMCO;
				TargetAttributes = {
					C903581B22242CDD004C901A = {
						CreatedOnToolsVersion = 10.1;
						LastSwiftMigration = 1020;
					};
				};
			};
			buildConfigurationList = C903581722242CDD004C901A /* Build configuration list for PBXProject "MTConnect" */;
			compatibilityVersion = "Xcode 9.3";
			developmentRegion = en;
			hasScannedForEncodings = 0;
			knownRegions = (
				en,
				Base,
			);
			mainGroup = C903581322242CDD004C901A;
			productRefGroup = C903581D22242CDD004C901A /* Products */;
			projectDirPath = "";
			projectReferences = (
				{
					ProductGroup = C903585322242E32004C901A /* Products */;
					ProjectRef = C903585222242E32004C901A /* Alamofire.xcodeproj */;
				},
				{
					ProductGroup = C903586C22242E40004C901A /* Products */;
					ProjectRef = C903586B22242E40004C901A /* SWXMLHash.xcodeproj */;
				},
			);
			projectRoot = "";
			targets = (
				C903581B22242CDD004C901A /* MTConnect */,
			);
		};
/* End PBXProject section */

/* Begin PBXReferenceProxy section */
		C903585E22242E32004C901A /* Alamofire.framework */ = {
			isa = PBXReferenceProxy;
			fileType = wrapper.framework;
			path = Alamofire.framework;
			remoteRef = C903585D22242E32004C901A /* PBXContainerItemProxy */;
			sourceTree = BUILT_PRODUCTS_DIR;
		};
		C903586022242E32004C901A /* Alamofire iOS Tests.xctest */ = {
			isa = PBXReferenceProxy;
			fileType = wrapper.cfbundle;
			path = "Alamofire iOS Tests.xctest";
			remoteRef = C903585F22242E32004C901A /* PBXContainerItemProxy */;
			sourceTree = BUILT_PRODUCTS_DIR;
		};
		C903586222242E32004C901A /* Alamofire.framework */ = {
			isa = PBXReferenceProxy;
			fileType = wrapper.framework;
			path = Alamofire.framework;
			remoteRef = C903586122242E32004C901A /* PBXContainerItemProxy */;
			sourceTree = BUILT_PRODUCTS_DIR;
		};
		C903586422242E32004C901A /* Alamofire macOS Tests.xctest */ = {
			isa = PBXReferenceProxy;
			fileType = wrapper.cfbundle;
			path = "Alamofire macOS Tests.xctest";
			remoteRef = C903586322242E32004C901A /* PBXContainerItemProxy */;
			sourceTree = BUILT_PRODUCTS_DIR;
		};
		C903586622242E32004C901A /* Alamofire.framework */ = {
			isa = PBXReferenceProxy;
			fileType = wrapper.framework;
			path = Alamofire.framework;
			remoteRef = C903586522242E32004C901A /* PBXContainerItemProxy */;
			sourceTree = BUILT_PRODUCTS_DIR;
		};
		C903586822242E32004C901A /* Alamofire tvOS Tests.xctest */ = {
			isa = PBXReferenceProxy;
			fileType = wrapper.cfbundle;
			path = "Alamofire tvOS Tests.xctest";
			remoteRef = C903586722242E32004C901A /* PBXContainerItemProxy */;
			sourceTree = BUILT_PRODUCTS_DIR;
		};
		C903586A22242E32004C901A /* Alamofire.framework */ = {
			isa = PBXReferenceProxy;
			fileType = wrapper.framework;
			path = Alamofire.framework;
			remoteRef = C903586922242E32004C901A /* PBXContainerItemProxy */;
			sourceTree = BUILT_PRODUCTS_DIR;
		};
		C903587622242E40004C901A /* SWXMLHash.framework */ = {
			isa = PBXReferenceProxy;
			fileType = wrapper.framework;
			path = SWXMLHash.framework;
			remoteRef = C903587522242E40004C901A /* PBXContainerItemProxy */;
			sourceTree = BUILT_PRODUCTS_DIR;
		};
		C903587822242E40004C901A /* SWXMLHash iOS Tests.xctest */ = {
			isa = PBXReferenceProxy;
			fileType = wrapper.cfbundle;
			path = "SWXMLHash iOS Tests.xctest";
			remoteRef = C903587722242E40004C901A /* PBXContainerItemProxy */;
			sourceTree = BUILT_PRODUCTS_DIR;
		};
		C903587A22242E40004C901A /* SWXMLHash.framework */ = {
			isa = PBXReferenceProxy;
			fileType = wrapper.framework;
			path = SWXMLHash.framework;
			remoteRef = C903587922242E40004C901A /* PBXContainerItemProxy */;
			sourceTree = BUILT_PRODUCTS_DIR;
		};
		C903587C22242E40004C901A /* SWXMLHash OSX Tests.xctest */ = {
			isa = PBXReferenceProxy;
			fileType = wrapper.cfbundle;
			path = "SWXMLHash OSX Tests.xctest";
			remoteRef = C903587B22242E40004C901A /* PBXContainerItemProxy */;
			sourceTree = BUILT_PRODUCTS_DIR;
		};
		C903587E22242E40004C901A /* SWXMLHash.framework */ = {
			isa = PBXReferenceProxy;
			fileType = wrapper.framework;
			path = SWXMLHash.framework;
			remoteRef = C903587D22242E40004C901A /* PBXContainerItemProxy */;
			sourceTree = BUILT_PRODUCTS_DIR;
		};
		C903588022242E40004C901A /* SWXMLHash tvOS Tests.xctest */ = {
			isa = PBXReferenceProxy;
			fileType = wrapper.cfbundle;
			path = "SWXMLHash tvOS Tests.xctest";
			remoteRef = C903587F22242E40004C901A /* PBXContainerItemProxy */;
			sourceTree = BUILT_PRODUCTS_DIR;
		};
		C903588222242E40004C901A /* SWXMLHash.framework */ = {
			isa = PBXReferenceProxy;
			fileType = wrapper.framework;
			path = SWXMLHash.framework;
			remoteRef = C903588122242E40004C901A /* PBXContainerItemProxy */;
			sourceTree = BUILT_PRODUCTS_DIR;
		};
/* End PBXReferenceProxy section */

/* Begin PBXResourcesBuildPhase section */
		C903581A22242CDD004C901A /* Resources */ = {
			isa = PBXResourcesBuildPhase;
			buildActionMask = 2147483647;
			files = (
				C90358992224312C004C901A /* ITAMCO Logo.png in Resources */,
				C903582A22242CDE004C901A /* LaunchScreen.storyboard in Resources */,
				C90358952224312C004C901A /* off.png in Resources */,
				C90358962224312C004C901A /* nan.png in Resources */,
				C903582722242CDE004C901A /* Assets.xcassets in Resources */,
				C903582522242CDD004C901A /* Main.storyboard in Resources */,
				C90358982224312C004C901A /* on.png in Resources */,
				C90358972224312C004C901A /* MTConnect.png in Resources */,
			);
			runOnlyForDeploymentPostprocessing = 0;
		};
/* End PBXResourcesBuildPhase section */

/* Begin PBXSourcesBuildPhase section */
		C903581822242CDD004C901A /* Sources */ = {
			isa = PBXSourcesBuildPhase;
			buildActionMask = 2147483647;
			files = (
				C903588D22242E84004C901A /* SecondViewController.swift in Sources */,
				C903582222242CDD004C901A /* ViewController.swift in Sources */,
				C903582022242CDD004C901A /* AppDelegate.swift in Sources */,
			);
			runOnlyForDeploymentPostprocessing = 0;
		};
/* End PBXSourcesBuildPhase section */

/* Begin PBXTargetDependency section */
		C903588622242E4B004C901A /* PBXTargetDependency */ = {
			isa = PBXTargetDependency;
			name = "Alamofire iOS";
			targetProxy = C903588522242E4B004C901A /* PBXContainerItemProxy */;
		};
		C903588B22242E51004C901A /* PBXTargetDependency */ = {
			isa = PBXTargetDependency;
			name = "SWXMLHash iOS";
			targetProxy = C903588A22242E51004C901A /* PBXContainerItemProxy */;
		};
/* End PBXTargetDependency section */

/* Begin PBXVariantGroup section */
		C903582322242CDD004C901A /* Main.storyboard */ = {
			isa = PBXVariantGroup;
			children = (
				C903582422242CDD004C901A /* Base */,
			);
			name = Main.storyboard;
			sourceTree = "<group>";
		};
		C903582822242CDE004C901A /* LaunchScreen.storyboard */ = {
			isa = PBXVariantGroup;
			children = (
				C903582922242CDE004C901A /* Base */,
			);
			name = LaunchScreen.storyboard;
			sourceTree = "<group>";
		};
/* End PBXVariantGroup section */

/* Begin XCBuildConfiguration section */
		C903584222242CDE004C901A /* Debug */ = {
			isa = XCBuildConfiguration;
			buildSettings = {
				ALWAYS_SEARCH_USER_PATHS = NO;
				CLANG_ANALYZER_NONNULL = YES;
				CLANG_ANALYZER_NUMBER_OBJECT_CONVERSION = YES_AGGRESSIVE;
				CLANG_CXX_LANGUAGE_STANDARD = "gnu++14";
				CLANG_CXX_LIBRARY = "libc++";
				CLANG_ENABLE_MODULES = YES;
				CLANG_ENABLE_OBJC_ARC = YES;
				CLANG_ENABLE_OBJC_WEAK = YES;
				CLANG_WARN_BLOCK_CAPTURE_AUTORELEASING = YES;
				CLANG_WARN_BOOL_CONVERSION = YES;
				CLANG_WARN_COMMA = YES;
				CLANG_WARN_CONSTANT_CONVERSION = YES;
				CLANG_WARN_DEPRECATED_OBJC_IMPLEMENTATIONS = YES;
				CLANG_WARN_DIRECT_OBJC_ISA_USAGE = YES_ERROR;
				CLANG_WARN_DOCUMENTATION_COMMENTS = YES;
				CLANG_WARN_EMPTY_BODY = YES;
				CLANG_WARN_ENUM_CONVERSION = YES;
				CLANG_WARN_INFINITE_RECURSION = YES;
				CLANG_WARN_INT_CONVERSION = YES;
				CLANG_WARN_NON_LITERAL_NULL_CONVERSION = YES;
				CLANG_WARN_OBJC_IMPLICIT_RETAIN_SELF = YES;
				CLANG_WARN_OBJC_LITERAL_CONVERSION = YES;
				CLANG_WARN_OBJC_ROOT_CLASS = YES_ERROR;
				CLANG_WARN_RANGE_LOOP_ANALYSIS = YES;
				CLANG_WARN_STRICT_PROTOTYPES = YES;
				CLANG_WARN_SUSPICIOUS_MOVE = YES;
				CLANG_WARN_UNGUARDED_AVAILABILITY = YES_AGGRESSIVE;
				CLANG_WARN_UNREACHABLE_CODE = YES;
				CLANG_WARN__DUPLICATE_METHOD_MATCH = YES;
				CODE_SIGN_IDENTITY = "iPhone Developer";
				COPY_PHASE_STRIP = NO;
				DEBUG_INFORMATION_FORMAT = dwarf;
				ENABLE_STRICT_OBJC_MSGSEND = YES;
				ENABLE_TESTABILITY = YES;
				GCC_C_LANGUAGE_STANDARD = gnu11;
				GCC_DYNAMIC_NO_PIC = NO;
				GCC_NO_COMMON_BLOCKS = YES;
				GCC_OPTIMIZATION_LEVEL = 0;
				GCC_PREPROCESSOR_DEFINITIONS = (
					"DEBUG=1",
					"$(inherited)",
				);
				GCC_WARN_64_TO_32_BIT_CONVERSION = YES;
				GCC_WARN_ABOUT_RETURN_TYPE = YES_ERROR;
				GCC_WARN_UNDECLARED_SELECTOR = YES;
				GCC_WARN_UNINITIALIZED_AUTOS = YES_AGGRESSIVE;
				GCC_WARN_UNUSED_FUNCTION = YES;
				GCC_WARN_UNUSED_VARIABLE = YES;
				IPHONEOS_DEPLOYMENT_TARGET = 10.0;
				MTL_ENABLE_DEBUG_INFO = INCLUDE_SOURCE;
				MTL_FAST_MATH = YES;
				ONLY_ACTIVE_ARCH = YES;
				SDKROOT = iphoneos;
				SWIFT_ACTIVE_COMPILATION_CONDITIONS = DEBUG;
				SWIFT_OPTIMIZATION_LEVEL = "-Onone";
			};
			name = Debug;
		};
		C903584322242CDE004C901A /* Release */ = {
			isa = XCBuildConfiguration;
			buildSettings = {
				ALWAYS_SEARCH_USER_PATHS = NO;
				CLANG_ANALYZER_NONNULL = YES;
				CLANG_ANALYZER_NUMBER_OBJECT_CONVERSION = YES_AGGRESSIVE;
				CLANG_CXX_LANGUAGE_STANDARD = "gnu++14";
				CLANG_CXX_LIBRARY = "libc++";
				CLANG_ENABLE_MODULES = YES;
				CLANG_ENABLE_OBJC_ARC = YES;
				CLANG_ENABLE_OBJC_WEAK = YES;
				CLANG_WARN_BLOCK_CAPTURE_AUTORELEASING = YES;
				CLANG_WARN_BOOL_CONVERSION = YES;
				CLANG_WARN_COMMA = YES;
				CLANG_WARN_CONSTANT_CONVERSION = YES;
				CLANG_WARN_DEPRECATED_OBJC_IMPLEMENTATIONS = YES;
				CLANG_WARN_DIRECT_OBJC_ISA_USAGE = YES_ERROR;
				CLANG_WARN_DOCUMENTATION_COMMENTS = YES;
				CLANG_WARN_EMPTY_BODY = YES;
				CLANG_WARN_ENUM_CONVERSION = YES;
				CLANG_WARN_INFINITE_RECURSION = YES;
				CLANG_WARN_INT_CONVERSION = YES;
				CLANG_WARN_NON_LITERAL_NULL_CONVERSION = YES;
				CLANG_WARN_OBJC_IMPLICIT_RETAIN_SELF = YES;
				CLANG_WARN_OBJC_LITERAL_CONVERSION = YES;
				CLANG_WARN_OBJC_ROOT_CLASS = YES_ERROR;
				CLANG_WARN_RANGE_LOOP_ANALYSIS = YES;
				CLANG_WARN_STRICT_PROTOTYPES = YES;
				CLANG_WARN_SUSPICIOUS_MOVE = YES;
				CLANG_WARN_UNGUARDED_AVAILABILITY = YES_AGGRESSIVE;
				CLANG_WARN_UNREACHABLE_CODE = YES;
				CLANG_WARN__DUPLICATE_METHOD_MATCH = YES;
				CODE_SIGN_IDENTITY = "iPhone Developer";
				COPY_PHASE_STRIP = NO;
				DEBUG_INFORMATION_FORMAT = "dwarf-with-dsym";
				ENABLE_NS_ASSERTIONS = NO;
				ENABLE_STRICT_OBJC_MSGSEND = YES;
				GCC_C_LANGUAGE_STANDARD = gnu11;
				GCC_NO_COMMON_BLOCKS = YES;
				GCC_WARN_64_TO_32_BIT_CONVERSION = YES;
				GCC_WARN_ABOUT_RETURN_TYPE = YES_ERROR;
				GCC_WARN_UNDECLARED_SELECTOR = YES;
				GCC_WARN_UNINITIALIZED_AUTOS = YES_AGGRESSIVE;
				GCC_WARN_UNUSED_FUNCTION = YES;
				GCC_WARN_UNUSED_VARIABLE = YES;
				IPHONEOS_DEPLOYMENT_TARGET = 10.0;
				MTL_ENABLE_DEBUG_INFO = NO;
				MTL_FAST_MATH = YES;
				SDKROOT = iphoneos;
				SWIFT_COMPILATION_MODE = wholemodule;
				SWIFT_OPTIMIZATION_LEVEL = "-O";
				VALIDATE_PRODUCT = YES;
			};
			name = Release;
		};
		C903584522242CDE004C901A /* Debug */ = {
			isa = XCBuildConfiguration;
			buildSettings = {
				ALWAYS_EMBED_SWIFT_STANDARD_LIBRARIES = YES;
				ASSETCATALOG_COMPILER_APPICON_NAME = AppIcon;
				CODE_SIGN_IDENTITY = "iPhone Developer";
				CODE_SIGN_STYLE = Automatic;
				DEVELOPMENT_TEAM = "";
				INFOPLIST_FILE = MTConnect_iOS/Info.plist;
				IPHONEOS_DEPLOYMENT_TARGET = 10.0;
				LD_RUNPATH_SEARCH_PATHS = (
					"$(inherited)",
					"@executable_path/Frameworks",
				);
				PRODUCT_BUNDLE_IDENTIFIER = 572F7UXXE4.com.ITAMCO.MTConnect;
				PRODUCT_NAME = "$(TARGET_NAME)";
				PROVISIONING_PROFILE_SPECIFIER = "";
				SWIFT_VERSION = 5.0;
				TARGETED_DEVICE_FAMILY = "1,2";
			};
			name = Debug;
		};
		C903584622242CDE004C901A /* Release */ = {
			isa = XCBuildConfiguration;
			buildSettings = {
				ALWAYS_EMBED_SWIFT_STANDARD_LIBRARIES = YES;
				ASSETCATALOG_COMPILER_APPICON_NAME = AppIcon;
				CODE_SIGN_IDENTITY = "iPhone Developer";
				CODE_SIGN_STYLE = Automatic;
				DEVELOPMENT_TEAM = "";
				INFOPLIST_FILE = MTConnect_iOS/Info.plist;
				IPHONEOS_DEPLOYMENT_TARGET = 10.0;
				LD_RUNPATH_SEARCH_PATHS = (
					"$(inherited)",
					"@executable_path/Frameworks",
				);
				PRODUCT_BUNDLE_IDENTIFIER = 572F7UXXE4.com.ITAMCO.MTConnect;
				PRODUCT_NAME = "$(TARGET_NAME)";
				PROVISIONING_PROFILE_SPECIFIER = "";
				SWIFT_VERSION = 5.0;
				TARGETED_DEVICE_FAMILY = "1,2";
			};
			name = Release;
		};
/* End XCBuildConfiguration section */

/* Begin XCConfigurationList section */
		C903581722242CDD004C901A /* Build configuration list for PBXProject "MTConnect" */ = {
			isa = XCConfigurationList;
			buildConfigurations = (
				C903584222242CDE004C901A /* Debug */,
				C903584322242CDE004C901A /* Release */,
			);
			defaultConfigurationIsVisible = 0;
			defaultConfigurationName = Release;
		};
		C903584422242CDE004C901A /* Build configuration list for PBXNativeTarget "MTConnect" */ = {
			isa = XCConfigurationList;
			buildConfigurations = (
				C903584522242CDE004C901A /* Debug */,
				C903584622242CDE004C901A /* Release */,
			);
			defaultConfigurationIsVisible = 0;
			defaultConfigurationName = Release;
		};
/* End XCConfigurationList section */
	};
	rootObject = C903581422242CDD004C901A /* Project object */;
}
